
Microsoft Visual Studio Solution File, Format Version 12.00
# Visual Studio Version 16
VisualStudioVersion = 16.0.30114.105
MinimumVisualStudioVersion = 10.0.40219.1
Project("{2150E333-8FDC-42A3-9474-1A3956D46DE8}") = "src", "src", "{F4A3E952-895D-453A-9B95-27B5E5A81E79}"
EndProject
Project("{FAE04EC0-301F-11D3-BF4B-00C04F79EFBC}") = "Net5.FunctionApp", "src\Net5.FunctionApp\Net5.FunctionApp.csproj", "{A1AE15F2-A1E6-4959-BC59-3A9C29033763}"
EndProject
Global
	GlobalSection(SolutionConfigurationPlatforms) = preSolution
		Debug|Any CPU = Debug|Any CPU
		Debug|x64 = Debug|x64
		Debug|x86 = Debug|x86
		Release|Any CPU = Release|Any CPU
		Release|x64 = Release|x64
		Release|x86 = Release|x86
	EndGlobalSection
	GlobalSection(SolutionProperties) = preSolution
		HideSolutionNode = FALSE
	EndGlobalSection
	GlobalSection(ProjectConfigurationPlatforms) = postSolution
		{A1AE15F2-A1E6-4959-BC59-3A9C29033763}.Debug|Any CPU.ActiveCfg = Debug|Any CPU
		{A1AE15F2-A1E6-4959-BC59-3A9C29033763}.Debug|Any CPU.Build.0 = Debug|Any CPU
		{A1AE15F2-A1E6-4959-BC59-3A9C29033763}.Debug|x64.ActiveCfg = Debug|Any CPU
		{A1AE15F2-A1E6-4959-BC59-3A9C29033763}.Debug|x64.Build.0 = Debug|Any CPU
		{A1AE15F2-A1E6-4959-BC59-3A9C29033763}.Debug|x86.ActiveCfg = Debug|Any CPU
		{A1AE15F2-A1E6-4959-BC59-3A9C29033763}.Debug|x86.Build.0 = Debug|Any CPU
		{A1AE15F2-A1E6-4959-BC59-3A9C29033763}.Release|Any CPU.ActiveCfg = Release|Any CPU
		{A1AE15F2-A1E6-4959-BC59-3A9C29033763}.Release|Any CPU.Build.0 = Release|Any CPU
		{A1AE15F2-A1E6-4959-BC59-3A9C29033763}.Release|x64.ActiveCfg = Release|Any CPU
		{A1AE15F2-A1E6-4959-BC59-3A9C29033763}.Release|x64.Build.0 = Release|Any CPU
		{A1AE15F2-A1E6-4959-BC59-3A9C29033763}.Release|x86.ActiveCfg = Release|Any CPU
		{A1AE15F2-A1E6-4959-BC59-3A9C29033763}.Release|x86.Build.0 = Release|Any CPU
	EndGlobalSection
	GlobalSection(NestedProjects) = preSolution
		{A1AE15F2-A1E6-4959-BC59-3A9C29033763} = {F4A3E952-895D-453A-9B95-27B5E5A81E79}
	EndGlobalSection
EndGlobal
